
Microsoft Visual Studio Solution File, Format Version 12.00
# Visual Studio Version 16
VisualStudioVersion = 25.0.1704.3
MinimumVisualStudioVersion = 10.0.40219.1
Project("{FAE04EC0-301F-11D3-BF4B-00C04F79EFBC}") = "Catalog", "Catalog.csproj", "{972F7BE6-0497-4321-95D6-5E16A107923B}"
EndProject
Global
	GlobalSection(SolutionConfigurationPlatforms) = preSolution
		Debug|Any CPU = Debug|Any CPU
		Release|Any CPU = Release|Any CPU
	EndGlobalSection
	GlobalSection(ProjectConfigurationPlatforms) = postSolution
		{972F7BE6-0497-4321-95D6-5E16A107923B}.Debug|Any CPU.ActiveCfg = Debug|Any CPU
		{972F7BE6-0497-4321-95D6-5E16A107923B}.Debug|Any CPU.Build.0 = Debug|Any CPU
		{972F7BE6-0497-4321-95D6-5E16A107923B}.Release|Any CPU.ActiveCfg = Release|Any CPU
		{972F7BE6-0497-4321-95D6-5E16A107923B}.Release|Any CPU.Build.0 = Release|Any CPU
	EndGlobalSection
	GlobalSection(SolutionProperties) = preSolution
		HideSolutionNode = FALSE
	EndGlobalSection
	GlobalSection(ExtensibilityGlobals) = postSolution
		SolutionGuid = {2F823612-5178-4C61-B77C-1BB97CF9D802}
	EndGlobalSection
EndGlobal
